
Microsoft Visual Studio Solution File, Format Version 12.00
# Visual Studio Version 17
VisualStudioVersion = 17.7.34009.444
MinimumVisualStudioVersion = 10.0.40219.1
Project("{9A19103F-16F7-4668-BE54-9A1E7A4F7556}") = "Carbon_inventory_platform", "Carbon_inventory_platform.csproj", "{20823EF8-0AF9-4DD4-8066-2E68DE377EAC}"
EndProject
Project("{2150E333-8FDC-42A3-9474-1A3956D46DE8}") = "Solution Items", "Solution Items", "{AC289B12-6D45-4DF6-9560-AB33C6D8C0CF}"
	ProjectSection(SolutionItems) = preProject
		.editorconfig = .editorconfig
	EndProjectSection
EndProject
Global
	GlobalSection(SolutionConfigurationPlatforms) = preSolution
		Debug|Any CPU = Debug|Any CPU
		Release|Any CPU = Release|Any CPU
	EndGlobalSection
	GlobalSection(ProjectConfigurationPlatforms) = postSolution
		{20823EF8-0AF9-4DD4-8066-2E68DE377EAC}.Debug|Any CPU.ActiveCfg = Debug|Any CPU
		{20823EF8-0AF9-4DD4-8066-2E68DE377EAC}.Debug|Any CPU.Build.0 = Debug|Any CPU
		{20823EF8-0AF9-4DD4-8066-2E68DE377EAC}.Release|Any CPU.ActiveCfg = Release|Any CPU
		{20823EF8-0AF9-4DD4-8066-2E68DE377EAC}.Release|Any CPU.Build.0 = Release|Any CPU
	EndGlobalSection
	GlobalSection(SolutionProperties) = preSolution
		HideSolutionNode = FALSE
	EndGlobalSection
	GlobalSection(ExtensibilityGlobals) = postSolution
		SolutionGuid = {BCE5A12D-A54A-46C8-A73E-00DCEBA299B8}
	EndGlobalSection
EndGlobal
